PODS:
  - Alamofire (4.0.1)
  - Kingfisher (3.2.0)
  - ObjectMapper (2.2.1)

DEPENDENCIES:
  - Alamofire (~> 4.0)
  - Kingfisher (~> 3.0)
  - ObjectMapper (~> 2.2)

SPEC CHECKSUMS:
  Alamofire: 7682d43245de14874acd142ec137b144aa1dd335
  Kingfisher: 50407d1d5dbc34965009d425a286342ff36a84ea
  ObjectMapper: 41e43e1a89f8060ef5ea5d04ba852e269a621d68

PODFILE CHECKSUM: 39851903314965763b86aa0e439cfdfd54cccdab

COCOAPODS: 1.1.1
