// !$*UTF8*$!
{
	archiveVersion = 1;
	classes = {
	};
	objectVersion = 46;
	objects = {

/* Begin PBXBuildFile section */
		A03D398B1DD4DC0A0037015E /* ProductZoomViewController.swift in Sources */ = {isa = PBXBuildFile; fileRef = A03D398A1DD4DC0A0037015E /* ProductZoomViewController.swift */; };
		A03D398D1DD4EB680037015E /* UIAlertController+CustomAlerts.swift in Sources */ = {isa = PBXBuildFile; fileRef = A03D398C1DD4EB680037015E /* UIAlertController+CustomAlerts.swift */; };
		A03D399D1DD4EF8A0037015E /* ProductTests.swift in Sources */ = {isa = PBXBuildFile; fileRef = A03D399C1DD4EF8A0037015E /* ProductTests.swift */; };
		A03D399F1DD4F5E30037015E /* BestBuyAPITests.swift in Sources */ = {isa = PBXBuildFile; fileRef = A03D399E1DD4F5E30037015E /* BestBuyAPITests.swift */; };
		A04F901C1DD27A2B00C120FA /* AppDelegate.swift in Sources */ = {isa = PBXBuildFile; fileRef = A04F901B1DD27A2B00C120FA /* AppDelegate.swift */; };
		A04F901E1DD27A2B00C120FA /* ProductsViewController.swift in Sources */ = {isa = PBXBuildFile; fileRef = A04F901D1DD27A2B00C120FA /* ProductsViewController.swift */; };
		A04F90211DD27A2B00C120FA /* Main.storyboard in Resources */ = {isa = PBXBuildFile; fileRef = A04F901F1DD27A2B00C120FA /* Main.storyboard */; };
		A04F90231DD27A2B00C120FA /* Assets.xcassets in Resources */ = {isa = PBXBuildFile; fileRef = A04F90221DD27A2B00C120FA /* Assets.xcassets */; };
		A04F90261DD27A2B00C120FA /* LaunchScreen.storyboard in Resources */ = {isa = PBXBuildFile; fileRef = A04F90241DD27A2B00C120FA /* LaunchScreen.storyboard */; };
		A04F90331DD27BFA00C120FA /* BestBuyAPI.swift in Sources */ = {isa = PBXBuildFile; fileRef = A04F90321DD27BFA00C120FA /* BestBuyAPI.swift */; };
		A04F90351DD27FA100C120FA /* Product.swift in Sources */ = {isa = PBXBuildFile; fileRef = A04F90341DD27FA100C120FA /* Product.swift */; };
		A04F90391DD294D000C120FA /* Product+Mapping.swift in Sources */ = {isa = PBXBuildFile; fileRef = A04F90381DD294D000C120FA /* Product+Mapping.swift */; };
		A04F903B1DD2958D00C120FA /* ProductStore.swift in Sources */ = {isa = PBXBuildFile; fileRef = A04F903A1DD2958D00C120FA /* ProductStore.swift */; };
		A0DBA4441DD2A588008ACE85 /* ProductCell.swift in Sources */ = {isa = PBXBuildFile; fileRef = A0DBA4431DD2A588008ACE85 /* ProductCell.swift */; };
		A0DBA4471DD2A7D2008ACE85 /* ProductDataSource.swift in Sources */ = {isa = PBXBuildFile; fileRef = A0DBA4461DD2A7D2008ACE85 /* ProductDataSource.swift */; };
		A0DBA4491DD40657008ACE85 /* ProductHeaderView.swift in Sources */ = {isa = PBXBuildFile; fileRef = A0DBA4481DD40657008ACE85 /* ProductHeaderView.swift */; };
		A0DBA44B1DD4B6F0008ACE85 /* ProductDetailsViewController.swift in Sources */ = {isa = PBXBuildFile; fileRef = A0DBA44A1DD4B6F0008ACE85 /* ProductDetailsViewController.swift */; };
		A91D68BB4DC67DBE812A8262 /* Pods_ProductCatalogTests.framework in Frameworks */ = {isa = PBXBuildFile; fileRef = 107B2B56C74197342C3F60D5 /* Pods_ProductCatalogTests.framework */; };
		E5FD57F4B2BC014F0A521755 /* Pods_ProductCatalog.framework in Frameworks */ = {isa = PBXBuildFile; fileRef = D7D0F70A9F572409459526CF /* Pods_ProductCatalog.framework */; };
/* End PBXBuildFile section */

/* Begin PBXContainerItemProxy section */
		A03D39971DD4EF520037015E /* PBXContainerItemProxy */ = {
			isa = PBXContainerItemProxy;
			containerPortal = A04F90101DD27A2B00C120FA /* Project object */;
			proxyType = 1;
			remoteGlobalIDString = A04F90171DD27A2B00C120FA;
			remoteInfo = ProductCatalog;
		};
/* End PBXContainerItemProxy section */

/* Begin PBXFileReference section */
		107B2B56C74197342C3F60D5 /* Pods_ProductCatalogTests.framework */ = {isa = PBXFileReference; explicitFileType = wrapper.framework; includeInIndex = 0; path = Pods_ProductCatalogTests.framework; sourceTree = BUILT_PRODUCTS_DIR; };
		7C2555148B6D866D9011E781 /* Pods-ProductCatalogTests.debug.xcconfig */ = {isa = PBXFileReference; includeInIndex = 1; lastKnownFileType = text.xcconfig; name = "Pods-ProductCatalogTests.debug.xcconfig"; path = "Pods/Target Support Files/Pods-ProductCatalogTests/Pods-ProductCatalogTests.debug.xcconfig"; sourceTree = "<group>"; };
		8601A9F83CCAAD5EAEB16B3B /* Pods-ProductCatalogTests.release.xcconfig */ = {isa = PBXFileReference; includeInIndex = 1; lastKnownFileType = text.xcconfig; name = "Pods-ProductCatalogTests.release.xcconfig"; path = "Pods/Target Support Files/Pods-ProductCatalogTests/Pods-ProductCatalogTests.release.xcconfig"; sourceTree = "<group>"; };
		98990DEDCD0D9C4B144EFDD1 /* Pods-ProductCatalog.debug.xcconfig */ = {isa = PBXFileReference; includeInIndex = 1; lastKnownFileType = text.xcconfig; name = "Pods-ProductCatalog.debug.xcconfig"; path = "Pods/Target Support Files/Pods-ProductCatalog/Pods-ProductCatalog.debug.xcconfig"; sourceTree = "<group>"; };
		A03D398A1DD4DC0A0037015E /* ProductZoomViewController.swift */ = {isa = PBXFileReference; fileEncoding = 4; lastKnownFileType = sourcecode.swift; path = ProductZoomViewController.swift; sourceTree = "<group>"; };
		A03D398C1DD4EB680037015E /* UIAlertController+CustomAlerts.swift */ = {isa = PBXFileReference; fileEncoding = 4; lastKnownFileType = sourcecode.swift; path = "UIAlertController+CustomAlerts.swift"; sourceTree = "<group>"; };
		A03D39921DD4EF520037015E /* ProductCatalogTests.xctest */ = {isa = PBXFileReference; explicitFileType = wrapper.cfbundle; includeInIndex = 0; path = ProductCatalogTests.xctest; sourceTree = BUILT_PRODUCTS_DIR; };
		A03D39961DD4EF520037015E /* Info.plist */ = {isa = PBXFileReference; lastKnownFileType = text.plist.xml; path = Info.plist; sourceTree = "<group>"; };
		A03D399C1DD4EF8A0037015E /* ProductTests.swift */ = {isa = PBXFileReference; fileEncoding = 4; lastKnownFileType = sourcecode.swift; path = ProductTests.swift; sourceTree = "<group>"; };
		A03D399E1DD4F5E30037015E /* BestBuyAPITests.swift */ = {isa = PBXFileReference; fileEncoding = 4; lastKnownFileType = sourcecode.swift; path = BestBuyAPITests.swift; sourceTree = "<group>"; };
		A04F90181DD27A2B00C120FA /* ProductCatalog.app */ = {isa = PBXFileReference; explicitFileType = wrapper.application; includeInIndex = 0; path = ProductCatalog.app; sourceTree = BUILT_PRODUCTS_DIR; };
		A04F901B1DD27A2B00C120FA /* AppDelegate.swift */ = {isa = PBXFileReference; lastKnownFileType = sourcecode.swift; path = AppDelegate.swift; sourceTree = "<group>"; };
		A04F901D1DD27A2B00C120FA /* ProductsViewController.swift */ = {isa = PBXFileReference; lastKnownFileType = sourcecode.swift; path = ProductsViewController.swift; sourceTree = "<group>"; };
		A04F90201DD27A2B00C120FA /* Base */ = {isa = PBXFileReference; lastKnownFileType = file.storyboard; name = Base; path = Base.lproj/Main.storyboard; sourceTree = "<group>"; };
		A04F90221DD27A2B00C120FA /* Assets.xcassets */ = {isa = PBXFileReference; lastKnownFileType = folder.assetcatalog; path = Assets.xcassets; sourceTree = "<group>"; };
		A04F90251DD27A2B00C120FA /* Base */ = {isa = PBXFileReference; lastKnownFileType = file.storyboard; name = Base; path = Base.lproj/LaunchScreen.storyboard; sourceTree = "<group>"; };
		A04F90271DD27A2B00C120FA /* Info.plist */ = {isa = PBXFileReference; lastKnownFileType = text.plist.xml; path = Info.plist; sourceTree = "<group>"; };
		A04F90321DD27BFA00C120FA /* BestBuyAPI.swift */ = {isa = PBXFileReference; fileEncoding = 4; lastKnownFileType = sourcecode.swift; path = BestBuyAPI.swift; sourceTree = "<group>"; };
		A04F90341DD27FA100C120FA /* Product.swift */ = {isa = PBXFileReference; fileEncoding = 4; lastKnownFileType = sourcecode.swift; path = Product.swift; sourceTree = "<group>"; };
		A04F90381DD294D000C120FA /* Product+Mapping.swift */ = {isa = PBXFileReference; fileEncoding = 4; lastKnownFileType = sourcecode.swift; path = "Product+Mapping.swift"; sourceTree = "<group>"; };
		A04F903A1DD2958D00C120FA /* ProductStore.swift */ = {isa = PBXFileReference; fileEncoding = 4; lastKnownFileType = sourcecode.swift; path = ProductStore.swift; sourceTree = "<group>"; };
		A0DBA4431DD2A588008ACE85 /* ProductCell.swift */ = {isa = PBXFileReference; fileEncoding = 4; lastKnownFileType = sourcecode.swift; path = ProductCell.swift; sourceTree = "<group>"; };
		A0DBA4461DD2A7D2008ACE85 /* ProductDataSource.swift */ = {isa = PBXFileReference; fileEncoding = 4; lastKnownFileType = sourcecode.swift; path = ProductDataSource.swift; sourceTree = "<group>"; };
		A0DBA4481DD40657008ACE85 /* ProductHeaderView.swift */ = {isa = PBXFileReference; fileEncoding = 4; lastKnownFileType = sourcecode.swift; path = ProductHeaderView.swift; sourceTree = "<group>"; };
		A0DBA44A1DD4B6F0008ACE85 /* ProductDetailsViewController.swift */ = {isa = PBXFileReference; fileEncoding = 4; lastKnownFileType = sourcecode.swift; path = ProductDetailsViewController.swift; sourceTree = "<group>"; };
		B1F99D535F2C94616DACED37 /* Pods-ProductCatalog.release.xcconfig */ = {isa = PBXFileReference; includeInIndex = 1; lastKnownFileType = text.xcconfig; name = "Pods-ProductCatalog.release.xcconfig"; path = "Pods/Target Support Files/Pods-ProductCatalog/Pods-ProductCatalog.release.xcconfig"; sourceTree = "<group>"; };
		D7D0F70A9F572409459526CF /* Pods_ProductCatalog.framework */ = {isa = PBXFileReference; explicitFileType = wrapper.framework; includeInIndex = 0; path = Pods_ProductCatalog.framework; sourceTree = BUILT_PRODUCTS_DIR; };
/* End PBXFileReference section */

/* Begin PBXFrameworksBuildPhase section */
		A03D398F1DD4EF520037015E /* Frameworks */ = {
			isa = PBXFrameworksBuildPhase;
			buildActionMask = 2147483647;
			files = (
				A91D68BB4DC67DBE812A8262 /* Pods_ProductCatalogTests.framework in Frameworks */,
			);
			runOnlyForDeploymentPostprocessing = 0;
		};
		A04F90151DD27A2B00C120FA /* Frameworks */ = {
			isa = PBXFrameworksBuildPhase;
			buildActionMask = 2147483647;
			files = (
				E5FD57F4B2BC014F0A521755 /* Pods_ProductCatalog.framework in Frameworks */,
			);
			runOnlyForDeploymentPostprocessing = 0;
		};
/* End PBXFrameworksBuildPhase section */

/* Begin PBXGroup section */
		51F977CB0C5FBBE2549C5455 /* Pods */ = {
			isa = PBXGroup;
			children = (
				98990DEDCD0D9C4B144EFDD1 /* Pods-ProductCatalog.debug.xcconfig */,
				B1F99D535F2C94616DACED37 /* Pods-ProductCatalog.release.xcconfig */,
				7C2555148B6D866D9011E781 /* Pods-ProductCatalogTests.debug.xcconfig */,
				8601A9F83CCAAD5EAEB16B3B /* Pods-ProductCatalogTests.release.xcconfig */,
			);
			name = Pods;
			sourceTree = "<group>";
		};
		9668F929497E37F273888C4A /* Frameworks */ = {
			isa = PBXGroup;
			children = (
				D7D0F70A9F572409459526CF /* Pods_ProductCatalog.framework */,
				107B2B56C74197342C3F60D5 /* Pods_ProductCatalogTests.framework */,
			);
			name = Frameworks;
			sourceTree = "<group>";
		};
		A03D39931DD4EF520037015E /* ProductCatalogTests */ = {
			isa = PBXGroup;
			children = (
				A03D39961DD4EF520037015E /* Info.plist */,
				A03D399C1DD4EF8A0037015E /* ProductTests.swift */,
				A03D399E1DD4F5E30037015E /* BestBuyAPITests.swift */,
			);
			path = ProductCatalogTests;
			sourceTree = "<group>";
		};
		A04F900F1DD27A2B00C120FA = {
			isa = PBXGroup;
			children = (
				A04F901A1DD27A2B00C120FA /* ProductCatalog */,
				A03D39931DD4EF520037015E /* ProductCatalogTests */,
				A04F90191DD27A2B00C120FA /* Products */,
				51F977CB0C5FBBE2549C5455 /* Pods */,
				9668F929497E37F273888C4A /* Frameworks */,
			);
			sourceTree = "<group>";
		};
		A04F90191DD27A2B00C120FA /* Products */ = {
			isa = PBXGroup;
			children = (
				A04F90181DD27A2B00C120FA /* ProductCatalog.app */,
				A03D39921DD4EF520037015E /* ProductCatalogTests.xctest */,
			);
			name = Products;
			sourceTree = "<group>";
		};
		A04F901A1DD27A2B00C120FA /* ProductCatalog */ = {
			isa = PBXGroup;
			children = (
				A0DBA4451DD2A7AF008ACE85 /* DataSources */,
				A04F90311DD27BD100C120FA /* Networking */,
				A04F90301DD27BCC00C120FA /* Extensions */,
				A04F902F1DD27BC500C120FA /* Views */,
				A04F902E1DD27BBF00C120FA /* ViewControllers */,
				A04F902D1DD27BB700C120FA /* Models */,
				A04F901B1DD27A2B00C120FA /* AppDelegate.swift */,
				A04F901F1DD27A2B00C120FA /* Main.storyboard */,
				A04F90221DD27A2B00C120FA /* Assets.xcassets */,
				A04F90241DD27A2B00C120FA /* LaunchScreen.storyboard */,
				A04F90271DD27A2B00C120FA /* Info.plist */,
			);
			path = ProductCatalog;
			sourceTree = "<group>";
		};
		A04F902D1DD27BB700C120FA /* Models */ = {
			isa = PBXGroup;
			children = (
				A04F90341DD27FA100C120FA /* Product.swift */,
			);
			name = Models;
			sourceTree = "<group>";
		};
		A04F902E1DD27BBF00C120FA /* ViewControllers */ = {
			isa = PBXGroup;
			children = (
				A04F901D1DD27A2B00C120FA /* ProductsViewController.swift */,
				A0DBA44A1DD4B6F0008ACE85 /* ProductDetailsViewController.swift */,
				A03D398A1DD4DC0A0037015E /* ProductZoomViewController.swift */,
			);
			name = ViewControllers;
			sourceTree = "<group>";
		};
		A04F902F1DD27BC500C120FA /* Views */ = {
			isa = PBXGroup;
			children = (
				A0DBA4431DD2A588008ACE85 /* ProductCell.swift */,
				A0DBA4481DD40657008ACE85 /* ProductHeaderView.swift */,
			);
			name = Views;
			sourceTree = "<group>";
		};
		A04F90301DD27BCC00C120FA /* Extensions */ = {
			isa = PBXGroup;
			children = (
				A04F90381DD294D000C120FA /* Product+Mapping.swift */,
				A03D398C1DD4EB680037015E /* UIAlertController+CustomAlerts.swift */,
			);
			name = Extensions;
			sourceTree = "<group>";
		};
		A04F90311DD27BD100C120FA /* Networking */ = {
			isa = PBXGroup;
			children = (
				A04F90321DD27BFA00C120FA /* BestBuyAPI.swift */,
				A04F903A1DD2958D00C120FA /* ProductStore.swift */,
			);
			name = Networking;
			sourceTree = "<group>";
		};
		A0DBA4451DD2A7AF008ACE85 /* DataSources */ = {
			isa = PBXGroup;
			children = (
				A0DBA4461DD2A7D2008ACE85 /* ProductDataSource.swift */,
			);
			name = DataSources;
			sourceTree = "<group>";
		};
/* End PBXGroup section */

/* Begin PBXNativeTarget section */
		A03D39911DD4EF520037015E /* ProductCatalogTests */ = {
			isa = PBXNativeTarget;
			buildConfigurationList = A03D39991DD4EF520037015E /* Build configuration list for PBXNativeTarget "ProductCatalogTests" */;
			buildPhases = (
				8848F7BCA5AA5928A852AA0C /* [CP] Check Pods Manifest.lock */,
				A03D398E1DD4EF520037015E /* Sources */,
				A03D398F1DD4EF520037015E /* Frameworks */,
				A03D39901DD4EF520037015E /* Resources */,
				59E4A1E0724A16233D18F77D /* [CP] Embed Pods Frameworks */,
				D297AB809FA5D9E68516CF51 /* [CP] Copy Pods Resources */,
			);
			buildRules = (
			);
			dependencies = (
				A03D39981DD4EF520037015E /* PBXTargetDependency */,
			);
			name = ProductCatalogTests;
			productName = ProductCatalogTests;
			productReference = A03D39921DD4EF520037015E /* ProductCatalogTests.xctest */;
			productType = "com.apple.product-type.bundle.unit-test";
		};
		A04F90171DD27A2B00C120FA /* ProductCatalog */ = {
			isa = PBXNativeTarget;
			buildConfigurationList = A04F902A1DD27A2B00C120FA /* Build configuration list for PBXNativeTarget "ProductCatalog" */;
			buildPhases = (
				B0F56516411F0D022648CCB1 /* [CP] Check Pods Manifest.lock */,
				A04F90141DD27A2B00C120FA /* Sources */,
				A04F90151DD27A2B00C120FA /* Frameworks */,
				A04F90161DD27A2B00C120FA /* Resources */,
				D911A8426142722BC53936A0 /* [CP] Embed Pods Frameworks */,
				398E69F6468695BAE7C12C7E /* [CP] Copy Pods Resources */,
			);
			buildRules = (
			);
			dependencies = (
			);
			name = ProductCatalog;
			productName = ProductCatalog;
			productReference = A04F90181DD27A2B00C120FA /* ProductCatalog.app */;
			productType = "com.apple.product-type.application";
		};
/* End PBXNativeTarget section */

/* Begin PBXProject section */
		A04F90101DD27A2B00C120FA /* Project object */ = {
			isa = PBXProject;
			attributes = {
				LastSwiftUpdateCheck = 0800;
				LastUpgradeCheck = 0800;
				ORGANIZATIONNAME = Domene;
				TargetAttributes = {
					A03D39911DD4EF520037015E = {
						CreatedOnToolsVersion = 8.0;
						DevelopmentTeam = 8VWQC7JGT6;
						LastSwiftMigration = 0800;
						ProvisioningStyle = Automatic;
						TestTargetID = A04F90171DD27A2B00C120FA;
					};
					A04F90171DD27A2B00C120FA = {
						CreatedOnToolsVersion = 8.0;
						DevelopmentTeam = 8VWQC7JGT6;
						ProvisioningStyle = Automatic;
					};
				};
			};
			buildConfigurationList = A04F90131DD27A2B00C120FA /* Build configuration list for PBXProject "ProductCatalog" */;
			compatibilityVersion = "Xcode 3.2";
			developmentRegion = English;
			hasScannedForEncodings = 0;
			knownRegions = (
				en,
				Base,
			);
			mainGroup = A04F900F1DD27A2B00C120FA;
			productRefGroup = A04F90191DD27A2B00C120FA /* Products */;
			projectDirPath = "";
			projectRoot = "";
			targets = (
				A04F90171DD27A2B00C120FA /* ProductCatalog */,
				A03D39911DD4EF520037015E /* ProductCatalogTests */,
			);
		};
/* End PBXProject section */

/* Begin PBXResourcesBuildPhase section */
		A03D39901DD4EF520037015E /* Resources */ = {
			isa = PBXResourcesBuildPhase;
			buildActionMask = 2147483647;
			files = (
			);
			runOnlyForDeploymentPostprocessing = 0;
		};
		A04F90161DD27A2B00C120FA /* Resources */ = {
			isa = PBXResourcesBuildPhase;
			buildActionMask = 2147483647;
			files = (
				A04F90261DD27A2B00C120FA /* LaunchScreen.storyboard in Resources */,
				A04F90231DD27A2B00C120FA /* Assets.xcassets in Resources */,
				A04F90211DD27A2B00C120FA /* Main.storyboard in Resources */,
			);
			runOnlyForDeploymentPostprocessing = 0;
		};
/* End PBXResourcesBuildPhase section */

/* Begin PBXShellScriptBuildPhase section */
		398E69F6468695BAE7C12C7E /* [CP] Copy Pods Resources */ = {
			isa = PBXShellScriptBuildPhase;
			buildActionMask = 2147483647;
			files = (
			);
			inputPaths = (
			);
			name = "[CP] Copy Pods Resources";
			outputPaths = (
			);
			runOnlyForDeploymentPostprocessing = 0;
			shellPath = /bin/sh;
			shellScript = "\"${SRCROOT}/Pods/Target Support Files/Pods-ProductCatalog/Pods-ProductCatalog-resources.sh\"\n";
			showEnvVarsInLog = 0;
		};
		59E4A1E0724A16233D18F77D /* [CP] Embed Pods Frameworks */ = {
			isa = PBXShellScriptBuildPhase;
			buildActionMask = 2147483647;
			files = (
			);
			inputPaths = (
			);
			name = "[CP] Embed Pods Frameworks";
			outputPaths = (
			);
			runOnlyForDeploymentPostprocessing = 0;
			shellPath = /bin/sh;
			shellScript = "\"${SRCROOT}/Pods/Target Support Files/Pods-ProductCatalogTests/Pods-ProductCatalogTests-frameworks.sh\"\n";
			showEnvVarsInLog = 0;
		};
		8848F7BCA5AA5928A852AA0C /* [CP] Check Pods Manifest.lock */ = {
			isa = PBXShellScriptBuildPhase;
			buildActionMask = 2147483647;
			files = (
			);
			inputPaths = (
			);
			name = "[CP] Check Pods Manifest.lock";
			outputPaths = (
			);
			runOnlyForDeploymentPostprocessing = 0;
			shellPath = /bin/sh;
			shellScript = "diff \"${PODS_ROOT}/../Podfile.lock\" \"${PODS_ROOT}/Manifest.lock\" > /dev/null\nif [ $? != 0 ] ; then\n    # print error to STDERR\n    echo \"error: The sandbox is not in sync with the Podfile.lock. Run 'pod install' or update your CocoaPods installation.\" >&2\n    exit 1\nfi\n";
			showEnvVarsInLog = 0;
		};
		B0F56516411F0D022648CCB1 /* [CP] Check Pods Manifest.lock */ = {
			isa = PBXShellScriptBuildPhase;
			buildActionMask = 2147483647;
			files = (
			);
			inputPaths = (
			);
			name = "[CP] Check Pods Manifest.lock";
			outputPaths = (
			);
			runOnlyForDeploymentPostprocessing = 0;
			shellPath = /bin/sh;
			shellScript = "diff \"${PODS_ROOT}/../Podfile.lock\" \"${PODS_ROOT}/Manifest.lock\" > /dev/null\nif [ $? != 0 ] ; then\n    # print error to STDERR\n    echo \"error: The sandbox is not in sync with the Podfile.lock. Run 'pod install' or update your CocoaPods installation.\" >&2\n    exit 1\nfi\n";
			showEnvVarsInLog = 0;
		};
		D297AB809FA5D9E68516CF51 /* [CP] Copy Pods Resources */ = {
			isa = PBXShellScriptBuildPhase;
			buildActionMask = 2147483647;
			files = (
			);
			inputPaths = (
			);
			name = "[CP] Copy Pods Resources";
			outputPaths = (
			);
			runOnlyForDeploymentPostprocessing = 0;
			shellPath = /bin/sh;
			shellScript = "\"${SRCROOT}/Pods/Target Support Files/Pods-ProductCatalogTests/Pods-ProductCatalogTests-resources.sh\"\n";
			showEnvVarsInLog = 0;
		};
		D911A8426142722BC53936A0 /* [CP] Embed Pods Frameworks */ = {
			isa = PBXShellScriptBuildPhase;
			buildActionMask = 2147483647;
			files = (
			);
			inputPaths = (
			);
			name = "[CP] Embed Pods Frameworks";
			outputPaths = (
			);
			runOnlyForDeploymentPostprocessing = 0;
			shellPath = /bin/sh;
			shellScript = "\"${SRCROOT}/Pods/Target Support Files/Pods-ProductCatalog/Pods-ProductCatalog-frameworks.sh\"\n";
			showEnvVarsInLog = 0;
		};
/* End PBXShellScriptBuildPhase section */

/* Begin PBXSourcesBuildPhase section */
		A03D398E1DD4EF520037015E /* Sources */ = {
			isa = PBXSourcesBuildPhase;
			buildActionMask = 2147483647;
			files = (
				A03D399D1DD4EF8A0037015E /* ProductTests.swift in Sources */,
				A03D399F1DD4F5E30037015E /* BestBuyAPITests.swift in Sources */,
			);
			runOnlyForDeploymentPostprocessing = 0;
		};
		A04F90141DD27A2B00C120FA /* Sources */ = {
			isa = PBXSourcesBuildPhase;
			buildActionMask = 2147483647;
			files = (
				A0DBA4491DD40657008ACE85 /* ProductHeaderView.swift in Sources */,
				A04F901E1DD27A2B00C120FA /* ProductsViewController.swift in Sources */,
				A04F90351DD27FA100C120FA /* Product.swift in Sources */,
				A0DBA44B1DD4B6F0008ACE85 /* ProductDetailsViewController.swift in Sources */,
				A0DBA4441DD2A588008ACE85 /* ProductCell.swift in Sources */,
				A04F90331DD27BFA00C120FA /* BestBuyAPI.swift in Sources */,
				A03D398B1DD4DC0A0037015E /* ProductZoomViewController.swift in Sources */,
				A04F901C1DD27A2B00C120FA /* AppDelegate.swift in Sources */,
				A04F90391DD294D000C120FA /* Product+Mapping.swift in Sources */,
				A0DBA4471DD2A7D2008ACE85 /* ProductDataSource.swift in Sources */,
				A03D398D1DD4EB680037015E /* UIAlertController+CustomAlerts.swift in Sources */,
				A04F903B1DD2958D00C120FA /* ProductStore.swift in Sources */,
			);
			runOnlyForDeploymentPostprocessing = 0;
		};
/* End PBXSourcesBuildPhase section */

/* Begin PBXTargetDependency section */
		A03D39981DD4EF520037015E /* PBXTargetDependency */ = {
			isa = PBXTargetDependency;
			target = A04F90171DD27A2B00C120FA /* ProductCatalog */;
			targetProxy = A03D39971DD4EF520037015E /* PBXContainerItemProxy */;
		};
/* End PBXTargetDependency section */

/* Begin PBXVariantGroup section */
		A04F901F1DD27A2B00C120FA /* Main.storyboard */ = {
			isa = PBXVariantGroup;
			children = (
				A04F90201DD27A2B00C120FA /* Base */,
			);
			name = Main.storyboard;
			sourceTree = "<group>";
		};
		A04F90241DD27A2B00C120FA /* LaunchScreen.storyboard */ = {
			isa = PBXVariantGroup;
			children = (
				A04F90251DD27A2B00C120FA /* Base */,
			);
			name = LaunchScreen.storyboard;
			sourceTree = "<group>";
		};
/* End PBXVariantGroup section */

/* Begin XCBuildConfiguration section */
		A03D399A1DD4EF520037015E /* Debug */ = {
			isa = XCBuildConfiguration;
			baseConfigurationReference = 7C2555148B6D866D9011E781 /* Pods-ProductCatalogTests.debug.xcconfig */;
			buildSettings = {
				BUNDLE_LOADER = "$(TEST_HOST)";
				CLANG_ENABLE_MODULES = YES;
				DEVELOPMENT_TEAM = 8VWQC7JGT6;
				INFOPLIST_FILE = ProductCatalogTests/Info.plist;
				LD_RUNPATH_SEARCH_PATHS = "$(inherited) @executable_path/Frameworks @loader_path/Frameworks";
				PRODUCT_BUNDLE_IDENTIFIER = com.domene.ProductCatalogTests;
				PRODUCT_NAME = "$(TARGET_NAME)";
				SWIFT_OPTIMIZATION_LEVEL = "-Onone";
				SWIFT_VERSION = 3.0;
				TEST_HOST = "$(BUILT_PRODUCTS_DIR)/ProductCatalog.app/ProductCatalog";
			};
			name = Debug;
		};
		A03D399B1DD4EF520037015E /* Release */ = {
			isa = XCBuildConfiguration;
			baseConfigurationReference = 8601A9F83CCAAD5EAEB16B3B /* Pods-ProductCatalogTests.release.xcconfig */;
			buildSettings = {
				BUNDLE_LOADER = "$(TEST_HOST)";
				CLANG_ENABLE_MODULES = YES;
				DEVELOPMENT_TEAM = 8VWQC7JGT6;
				INFOPLIST_FILE = ProductCatalogTests/Info.plist;
				LD_RUNPATH_SEARCH_PATHS = "$(inherited) @executable_path/Frameworks @loader_path/Frameworks";
				PRODUCT_BUNDLE_IDENTIFIER = com.domene.ProductCatalogTests;
				PRODUCT_NAME = "$(TARGET_NAME)";
				SWIFT_VERSION = 3.0;
				TEST_HOST = "$(BUILT_PRODUCTS_DIR)/ProductCatalog.app/ProductCatalog";
			};
			name = Release;
		};
		A04F90281DD27A2B00C120FA /* Debug */ = {
			isa = XCBuildConfiguration;
			buildSettings = {
				ALWAYS_SEARCH_USER_PATHS = NO;
				CLANG_ANALYZER_NONNULL = YES;
				CLANG_CXX_LANGUAGE_STANDARD = "gnu++0x";
				CLANG_CXX_LIBRARY = "libc++";
				CLANG_ENABLE_MODULES = YES;
				CLANG_ENABLE_OBJC_ARC = YES;
				CLANG_WARN_BOOL_CONVERSION = YES;
				CLANG_WARN_CONSTANT_CONVERSION = YES;
				CLANG_WARN_DIRECT_OBJC_ISA_USAGE = YES_ERROR;
				CLANG_WARN_DOCUMENTATION_COMMENTS = YES;
				CLANG_WARN_EMPTY_BODY = YES;
				CLANG_WARN_ENUM_CONVERSION = YES;
				CLANG_WARN_INFINITE_RECURSION = YES;
				CLANG_WARN_INT_CONVERSION = YES;
				CLANG_WARN_OBJC_ROOT_CLASS = YES_ERROR;
				CLANG_WARN_SUSPICIOUS_MOVE = YES;
				CLANG_WARN_SUSPICIOUS_MOVES = YES;
				CLANG_WARN_UNREACHABLE_CODE = YES;
				CLANG_WARN__DUPLICATE_METHOD_MATCH = YES;
				"CODE_SIGN_IDENTITY[sdk=iphoneos*]" = "iPhone Developer";
				COPY_PHASE_STRIP = NO;
				DEBUG_INFORMATION_FORMAT = dwarf;
				ENABLE_STRICT_OBJC_MSGSEND = YES;
				ENABLE_TESTABILITY = YES;
				GCC_C_LANGUAGE_STANDARD = gnu99;
				GCC_DYNAMIC_NO_PIC = NO;
				GCC_NO_COMMON_BLOCKS = YES;
				GCC_OPTIMIZATION_LEVEL = 0;
				GCC_PREPROCESSOR_DEFINITIONS = (
					"DEBUG=1",
					"$(inherited)",
				);
				GCC_WARN_64_TO_32_BIT_CONVERSION = YES;
				GCC_WARN_ABOUT_RETURN_TYPE = YES_ERROR;
				GCC_WARN_UNDECLARED_SELECTOR = YES;
				GCC_WARN_UNINITIALIZED_AUTOS = YES_AGGRESSIVE;
				GCC_WARN_UNUSED_FUNCTION = YES;
				GCC_WARN_UNUSED_VARIABLE = YES;
				IPHONEOS_DEPLOYMENT_TARGET = 10.0;
				MTL_ENABLE_DEBUG_INFO = YES;
				ONLY_ACTIVE_ARCH = YES;
				SDKROOT = iphoneos;
				SWIFT_ACTIVE_COMPILATION_CONDITIONS = DEBUG;
				SWIFT_OPTIMIZATION_LEVEL = "-Onone";
				TARGETED_DEVICE_FAMILY = "1,2";
			};
			name = Debug;
		};
		A04F90291DD27A2B00C120FA /* Release */ = {
			isa = XCBuildConfiguration;
			buildSettings = {
				ALWAYS_SEARCH_USER_PATHS = NO;
				CLANG_ANALYZER_NONNULL = YES;
				CLANG_CXX_LANGUAGE_STANDARD = "gnu++0x";
				CLANG_CXX_LIBRARY = "libc++";
				CLANG_ENABLE_MODULES = YES;
				CLANG_ENABLE_OBJC_ARC = YES;
				CLANG_WARN_BOOL_CONVERSION = YES;
				CLANG_WARN_CONSTANT_CONVERSION = YES;
				CLANG_WARN_DIRECT_OBJC_ISA_USAGE = YES_ERROR;
				CLANG_WARN_DOCUMENTATION_COMMENTS = YES;
				CLANG_WARN_EMPTY_BODY = YES;
				CLANG_WARN_ENUM_CONVERSION = YES;
				CLANG_WARN_INFINITE_RECURSION = YES;
				CLANG_WARN_INT_CONVERSION = YES;
				CLANG_WARN_OBJC_ROOT_CLASS = YES_ERROR;
				CLANG_WARN_SUSPICIOUS_MOVE = YES;
				CLANG_WARN_SUSPICIOUS_MOVES = YES;
				CLANG_WARN_UNREACHABLE_CODE = YES;
				CLANG_WARN__DUPLICATE_METHOD_MATCH = YES;
				"CODE_SIGN_IDENTITY[sdk=iphoneos*]" = "iPhone Developer";
				COPY_PHASE_STRIP = NO;
				DEBUG_INFORMATION_FORMAT = "dwarf-with-dsym";
				ENABLE_NS_ASSERTIONS = NO;
				ENABLE_STRICT_OBJC_MSGSEND = YES;
				GCC_C_LANGUAGE_STANDARD = gnu99;
				GCC_NO_COMMON_BLOCKS = YES;
				GCC_WARN_64_TO_32_BIT_CONVERSION = YES;
				GCC_WARN_ABOUT_RETURN_TYPE = YES_ERROR;
				GCC_WARN_UNDECLARED_SELECTOR = YES;
				GCC_WARN_UNINITIALIZED_AUTOS = YES_AGGRESSIVE;
				GCC_WARN_UNUSED_FUNCTION = YES;
				GCC_WARN_UNUSED_VARIABLE = YES;
				IPHONEOS_DEPLOYMENT_TARGET = 10.0;
				MTL_ENABLE_DEBUG_INFO = NO;
				SDKROOT = iphoneos;
				SWIFT_OPTIMIZATION_LEVEL = "-Owholemodule";
				TARGETED_DEVICE_FAMILY = "1,2";
				VALIDATE_PRODUCT = YES;
			};
			name = Release;
		};
		A04F902B1DD27A2B00C120FA /* Debug */ = {
			isa = XCBuildConfiguration;
			baseConfigurationReference = 98990DEDCD0D9C4B144EFDD1 /* Pods-ProductCatalog.debug.xcconfig */;
			buildSettings = {
				ALWAYS_EMBED_SWIFT_STANDARD_LIBRARIES = YES;
				ASSETCATALOG_COMPILER_APPICON_NAME = AppIcon;
				DEVELOPMENT_TEAM = 8VWQC7JGT6;
				INFOPLIST_FILE = ProductCatalog/Info.plist;
				LD_RUNPATH_SEARCH_PATHS = "$(inherited) @executable_path/Frameworks";
				PRODUCT_BUNDLE_IDENTIFIER = com.domene.ProductCatalog;
				PRODUCT_NAME = "$(TARGET_NAME)";
				SWIFT_VERSION = 3.0;
			};
			name = Debug;
		};
		A04F902C1DD27A2B00C120FA /* Release */ = {
			isa = XCBuildConfiguration;
			baseConfigurationReference = B1F99D535F2C94616DACED37 /* Pods-ProductCatalog.release.xcconfig */;
			buildSettings = {
				ALWAYS_EMBED_SWIFT_STANDARD_LIBRARIES = YES;
				ASSETCATALOG_COMPILER_APPICON_NAME = AppIcon;
				DEVELOPMENT_TEAM = 8VWQC7JGT6;
				INFOPLIST_FILE = ProductCatalog/Info.plist;
				LD_RUNPATH_SEARCH_PATHS = "$(inherited) @executable_path/Frameworks";
				PRODUCT_BUNDLE_IDENTIFIER = com.domene.ProductCatalog;
				PRODUCT_NAME = "$(TARGET_NAME)";
				SWIFT_VERSION = 3.0;
			};
			name = Release;
		};
/* End XCBuildConfiguration section */

/* Begin XCConfigurationList section */
		A03D39991DD4EF520037015E /* Build configuration list for PBXNativeTarget "ProductCatalogTests" */ = {
			isa = XCConfigurationList;
			buildConfigurations = (
				A03D399A1DD4EF520037015E /* Debug */,
				A03D399B1DD4EF520037015E /* Release */,
			);
			defaultConfigurationIsVisible = 0;
			defaultConfigurationName = Release;
		};
		A04F90131DD27A2B00C120FA /* Build configuration list for PBXProject "ProductCatalog" */ = {
			isa = XCConfigurationList;
			buildConfigurations = (
				A04F90281DD27A2B00C120FA /* Debug */,
				A04F90291DD27A2B00C120FA /* Release */,
			);
			defaultConfigurationIsVisible = 0;
			defaultConfigurationName = Release;
		};
		A04F902A1DD27A2B00C120FA /* Build configuration list for PBXNativeTarget "ProductCatalog" */ = {
			isa = XCConfigurationList;
			buildConfigurations = (
				A04F902B1DD27A2B00C120FA /* Debug */,
				A04F902C1DD27A2B00C120FA /* Release */,
			);
			defaultConfigurationIsVisible = 0;
			defaultConfigurationName = Release;
		};
/* End XCConfigurationList section */
	};
	rootObject = A04F90101DD27A2B00C120FA /* Project object */;
}
